// !$*UTF8*$!
{
	archiveVersion = 1;
	classes = {
	};
	objectVersion = 46;
	objects = {

/* Begin PBXBuildFile section */
		1E3E5B1221C1149D0019AF6C /* main.m in Sources */ = {isa = PBXBuildFile; fileRef = 1E3E5B1121C1149D0019AF6C /* main.m */; };
		1E3E5B1A21C114C50019AF6C /* Foundation.framework in Frameworks */ = {isa = PBXBuildFile; fileRef = 1E3E5B1921C114C50019AF6C /* Foundation.framework */; };
/* End PBXBuildFile section */

/* Begin PBXCopyFilesBuildPhase section */
		1E3E5B0C21C1149D0019AF6C /* CopyFiles */ = {
			isa = PBXCopyFilesBuildPhase;
			buildActionMask = 2147483647;
			dstPath = /usr/share/man/man1/;
			dstSubfolderSpec = 0;
			files = (
			);
			runOnlyForDeploymentPostprocessing = 1;
		};
/* End PBXCopyFilesBuildPhase section */

/* Begin PBXFileReference section */
		1E0ACACC21EF023500D7EA09 /* readme.md */ = {isa = PBXFileReference; lastKnownFileType = net.daringfireball.markdown; path = readme.md; sourceTree = "<group>"; };
		1E3E5B0E21C1149D0019AF6C /* fixllbp */ = {isa = PBXFileReference; explicitFileType = "compiled.mach-o.executable"; includeInIndex = 0; path = fixllbp; sourceTree = BUILT_PRODUCTS_DIR; };
		1E3E5B1121C1149D0019AF6C /* main.m */ = {isa = PBXFileReference; lastKnownFileType = sourcecode.c.objc; path = main.m; sourceTree = "<group>"; };
		1E3E5B1921C114C50019AF6C /* Foundation.framework */ = {isa = PBXFileReference; lastKnownFileType = wrapper.framework; name = Foundation.framework; path = System/Library/Frameworks/Foundation.framework; sourceTree = SDKROOT; };
/* End PBXFileReference section */

/* Begin PBXFrameworksBuildPhase section */
		1E3E5B0B21C1149D0019AF6C /* Frameworks */ = {
			isa = PBXFrameworksBuildPhase;
			buildActionMask = 2147483647;
			files = (
				1E3E5B1A21C114C50019AF6C /* Foundation.framework in Frameworks */,
			);
			runOnlyForDeploymentPostprocessing = 0;
		};
/* End PBXFrameworksBuildPhase section */

/* Begin PBXGroup section */
		1E3E5B0521C1149D0019AF6C = {
			isa = PBXGroup;
			children = (
				1E0ACACC21EF023500D7EA09 /* readme.md */,
				1E3E5B1021C1149D0019AF6C /* lldb_breakpoint_json_handler */,
				1E3E5B0F21C1149D0019AF6C /* Products */,
				1E3E5B1821C114C50019AF6C /* Frameworks */,
			);
			sourceTree = "<group>";
		};
		1E3E5B0F21C1149D0019AF6C /* Products */ = {
			isa = PBXGroup;
			children = (
				1E3E5B0E21C1149D0019AF6C /* fixllbp */,
			);
			name = Products;
			sourceTree = "<group>";
		};
		1E3E5B1021C1149D0019AF6C /* lldb_breakpoint_json_handler */ = {
			isa = PBXGroup;
			children = (
				1E3E5B1121C1149D0019AF6C /* main.m */,
			);
			path = lldb_breakpoint_json_handler;
			sourceTree = "<group>";
		};
		1E3E5B1821C114C50019AF6C /* Frameworks */ = {
			isa = PBXGroup;
			children = (
				1E3E5B1921C114C50019AF6C /* Foundation.framework */,
			);
			name = Frameworks;
			sourceTree = "<group>";
		};
/* End PBXGroup section */

/* Begin PBXNativeTarget section */
		1E3E5B0D21C1149D0019AF6C /* fixllbp */ = {
			isa = PBXNativeTarget;
			buildConfigurationList = 1E3E5B1521C1149D0019AF6C /* Build configuration list for PBXNativeTarget "fixllbp" */;
			buildPhases = (
				1E3E5B0A21C1149D0019AF6C /* Sources */,
				1E3E5B0B21C1149D0019AF6C /* Frameworks */,
				1E3E5B0C21C1149D0019AF6C /* CopyFiles */,
				1E1D551D21C20B410022A095 /* ShellScript */,
			);
			buildRules = (
			);
			dependencies = (
			);
			name = fixllbp;
			productName = lldb_breakpoint_json_handler;
			productReference = 1E3E5B0E21C1149D0019AF6C /* fixllbp */;
			productType = "com.apple.product-type.tool";
		};
/* End PBXNativeTarget section */

/* Begin PBXProject section */
		1E3E5B0621C1149D0019AF6C /* Project object */ = {
			isa = PBXProject;
			attributes = {
				LastUpgradeCheck = 0830;
				ORGANIZATIONNAME = liaogang;
				TargetAttributes = {
					1E3E5B0D21C1149D0019AF6C = {
						CreatedOnToolsVersion = 8.3.3;
						ProvisioningStyle = Automatic;
					};
				};
			};
			buildConfigurationList = 1E3E5B0921C1149D0019AF6C /* Build configuration list for PBXProject "lldb_breakpoint_json_handler" */;
			compatibilityVersion = "Xcode 3.2";
			developmentRegion = English;
			hasScannedForEncodings = 0;
			knownRegions = (
				en,
				Base,
			);
			mainGroup = 1E3E5B0521C1149D0019AF6C;
			productRefGroup = 1E3E5B0F21C1149D0019AF6C /* Products */;
			projectDirPath = "";
			projectRoot = "";
			targets = (
				1E3E5B0D21C1149D0019AF6C /* fixllbp */,
			);
		};
/* End PBXProject section */

/* Begin PBXShellScriptBuildPhase section */
		1E1D551D21C20B410022A095 /* ShellScript */ = {
			isa = PBXShellScriptBuildPhase;
			buildActionMask = 2147483647;
			files = (
			);
			inputPaths = (
			);
			outputPaths = (
			);
			runOnlyForDeploymentPostprocessing = 0;
			shellPath = /bin/sh;
			shellScript = "cp /Users/liaogang/Library/Developer/Xcode/DerivedData/lldb_breakpoint_json_handler-elifiitlotjacdaseauiinkbtprg/Build/Products/Debug/modify_bp_aslr /Users/liaogang/";
		};
/* End PBXShellScriptBuildPhase section */

/* Begin PBXSourcesBuildPhase section */
		1E3E5B0A21C1149D0019AF6C /* Sources */ = {
			isa = PBXSourcesBuildPhase;
			buildActionMask = 2147483647;
			files = (
				1E3E5B1221C1149D0019AF6C /* main.m in Sources */,
			);
			runOnlyForDeploymentPostprocessing = 0;
		};
/* End PBXSourcesBuildPhase section */

/* Begin XCBuildConfiguration section */
		1E3E5B1321C1149D0019AF6C /* Debug */ = {
			isa = XCBuildConfiguration;
			buildSettings = {
				ALWAYS_SEARCH_USER_PATHS = NO;
				CLANG_ANALYZER_NONNULL = YES;
				CLANG_ANALYZER_NUMBER_OBJECT_CONVERSION = YES_AGGRESSIVE;
				CLANG_CXX_LANGUAGE_STANDARD = "gnu++0x";
				CLANG_CXX_LIBRARY = "libc++";
				CLANG_ENABLE_MODULES = YES;
				CLANG_ENABLE_OBJC_ARC = YES;
				CLANG_WARN_BOOL_CONVERSION = YES;
				CLANG_WARN_CONSTANT_CONVERSION = YES;
				CLANG_WARN_DIRECT_OBJC_ISA_USAGE = YES_ERROR;
				CLANG_WARN_DOCUMENTATION_COMMENTS = YES;
				CLANG_WARN_EMPTY_BODY = YES;
				CLANG_WARN_ENUM_CONVERSION = YES;
				CLANG_WARN_INFINITE_RECURSION = YES;
				CLANG_WARN_INT_CONVERSION = YES;
				CLANG_WARN_OBJC_ROOT_CLASS = YES_ERROR;
				CLANG_WARN_SUSPICIOUS_MOVE = YES;
				CLANG_WARN_UNREACHABLE_CODE = YES;
				CLANG_WARN__DUPLICATE_METHOD_MATCH = YES;
				CODE_SIGN_IDENTITY = "-";
				COPY_PHASE_STRIP = NO;
				DEBUG_INFORMATION_FORMAT = dwarf;
				ENABLE_STRICT_OBJC_MSGSEND = YES;
				ENABLE_TESTABILITY = YES;
				GCC_C_LANGUAGE_STANDARD = gnu99;
				GCC_DYNAMIC_NO_PIC = NO;
				GCC_NO_COMMON_BLOCKS = YES;
				GCC_OPTIMIZATION_LEVEL = 0;
				GCC_PREPROCESSOR_DEFINITIONS = (
					"DEBUG=1",
					"$(inherited)",
				);
				GCC_WARN_64_TO_32_BIT_CONVERSION = YES;
				GCC_WARN_ABOUT_RETURN_TYPE = YES_ERROR;
				GCC_WARN_UNDECLARED_SELECTOR = YES;
				GCC_WARN_UNINITIALIZED_AUTOS = YES_AGGRESSIVE;
				GCC_WARN_UNUSED_FUNCTION = YES;
				GCC_WARN_UNUSED_VARIABLE = YES;
				MACOSX_DEPLOYMENT_TARGET = 10.13;
				MTL_ENABLE_DEBUG_INFO = YES;
				ONLY_ACTIVE_ARCH = YES;
				SDKROOT = macosx;
			};
			name = Debug;
		};
		1E3E5B1421C1149D0019AF6C /* Release */ = {
			isa = XCBuildConfiguration;
			buildSettings = {
				ALWAYS_SEARCH_USER_PATHS = NO;
				CLANG_ANALYZER_NONNULL = YES;
				CLANG_ANALYZER_NUMBER_OBJECT_CONVERSION = YES_AGGRESSIVE;
				CLANG_CXX_LANGUAGE_STANDARD = "gnu++0x";
				CLANG_CXX_LIBRARY = "libc++";
				CLANG_ENABLE_MODULES = YES;
				CLANG_ENABLE_OBJC_ARC = YES;
				CLANG_WARN_BOOL_CONVERSION = YES;
				CLANG_WARN_CONSTANT_CONVERSION = YES;
				CLANG_WARN_DIRECT_OBJC_ISA_USAGE = YES_ERROR;
				CLANG_WARN_DOCUMENTATION_COMMENTS = YES;
				CLANG_WARN_EMPTY_BODY = YES;
				CLANG_WARN_ENUM_CONVERSION = YES;
				CLANG_WARN_INFINITE_RECURSION = YES;
				CLANG_WARN_INT_CONVERSION = YES;
				CLANG_WARN_OBJC_ROOT_CLASS = YES_ERROR;
				CLANG_WARN_SUSPICIOUS_MOVE = YES;
				CLANG_WARN_UNREACHABLE_CODE = YES;
				CLANG_WARN__DUPLICATE_METHOD_MATCH = YES;
				CODE_SIGN_IDENTITY = "-";
				COPY_PHASE_STRIP = NO;
				DEBUG_INFORMATION_FORMAT = "dwarf-with-dsym";
				ENABLE_NS_ASSERTIONS = NO;
				ENABLE_STRICT_OBJC_MSGSEND = YES;
				GCC_C_LANGUAGE_STANDARD = gnu99;
				GCC_NO_COMMON_BLOCKS = YES;
				GCC_WARN_64_TO_32_BIT_CONVERSION = YES;
				GCC_WARN_ABOUT_RETURN_TYPE = YES_ERROR;
				GCC_WARN_UNDECLARED_SELECTOR = YES;
				GCC_WARN_UNINITIALIZED_AUTOS = YES_AGGRESSIVE;
				GCC_WARN_UNUSED_FUNCTION = YES;
				GCC_WARN_UNUSED_VARIABLE = YES;
				MACOSX_DEPLOYMENT_TARGET = 10.13;
				MTL_ENABLE_DEBUG_INFO = NO;
				SDKROOT = macosx;
			};
			name = Release;
		};
		1E3E5B1621C1149D0019AF6C /* Debug */ = {
			isa = XCBuildConfiguration;
			buildSettings = {
				PRODUCT_NAME = "$(TARGET_NAME)";
			};
			name = Debug;
		};
		1E3E5B1721C1149D0019AF6C /* Release */ = {
			isa = XCBuildConfiguration;
			buildSettings = {
				PRODUCT_NAME = "$(TARGET_NAME)";
			};
			name = Release;
		};
/* End XCBuildConfiguration section */

/* Begin XCConfigurationList section */
		1E3E5B0921C1149D0019AF6C /* Build configuration list for PBXProject "lldb_breakpoint_json_handler" */ = {
			isa = XCConfigurationList;
			buildConfigurations = (
				1E3E5B1321C1149D0019AF6C /* Debug */,
				1E3E5B1421C1149D0019AF6C /* Release */,
			);
			defaultConfigurationIsVisible = 0;
			defaultConfigurationName = Release;
		};
		1E3E5B1521C1149D0019AF6C /* Build configuration list for PBXNativeTarget "fixllbp" */ = {
			isa = XCConfigurationList;
			buildConfigurations = (
				1E3E5B1621C1149D0019AF6C /* Debug */,
				1E3E5B1721C1149D0019AF6C /* Release */,
			);
			defaultConfigurationIsVisible = 0;
			defaultConfigurationName = Release;
		};
/* End XCConfigurationList section */
	};
	rootObject = 1E3E5B0621C1149D0019AF6C /* Project object */;
}
